// !$*UTF8*$!
{
	archiveVersion = 1;
	classes = {
	};
	objectVersion = 48;
	objects = {

/* Begin PBXBuildFile section */
		24CC075C1FF81D4F00948AFC /* AppDelegate.swift in Sources */ = {isa = PBXBuildFile; fileRef = 24CC075B1FF81D4F00948AFC /* AppDelegate.swift */; };
		24CC075E1FF81D5000948AFC /* ViewController.swift in Sources */ = {isa = PBXBuildFile; fileRef = 24CC075D1FF81D5000948AFC /* ViewController.swift */; };
		24CC07611FF81D5000948AFC /* Main.storyboard in Resources */ = {isa = PBXBuildFile; fileRef = 24CC075F1FF81D5000948AFC /* Main.storyboard */; };
		24CC07631FF81D5000948AFC /* Assets.xcassets in Resources */ = {isa = PBXBuildFile; fileRef = 24CC07621FF81D5000948AFC /* Assets.xcassets */; };
		24CC07661FF81D5000948AFC /* LaunchScreen.storyboard in Resources */ = {isa = PBXBuildFile; fileRef = 24CC07641FF81D5000948AFC /* LaunchScreen.storyboard */; };
		24CC076F1FF82D4D00948AFC /* SetCard.swift in Sources */ = {isa = PBXBuildFile; fileRef = 24CC076E1FF82D4D00948AFC /* SetCard.swift */; };
		24CC07711FF8306E00948AFC /* SetDeck.swift in Sources */ = {isa = PBXBuildFile; fileRef = 24CC07701FF8306E00948AFC /* SetDeck.swift */; };
/* End PBXBuildFile section */

/* Begin PBXFileReference section */
		24CC07581FF81D4F00948AFC /* Set.app */ = {isa = PBXFileReference; explicitFileType = wrapper.application; includeInIndex = 0; path = Set.app; sourceTree = BUILT_PRODUCTS_DIR; };
		24CC075B1FF81D4F00948AFC /* AppDelegate.swift */ = {isa = PBXFileReference; lastKnownFileType = sourcecode.swift; path = AppDelegate.swift; sourceTree = "<group>"; };
		24CC075D1FF81D5000948AFC /* ViewController.swift */ = {isa = PBXFileReference; lastKnownFileType = sourcecode.swift; path = ViewController.swift; sourceTree = "<group>"; };
		24CC07601FF81D5000948AFC /* Base */ = {isa = PBXFileReference; lastKnownFileType = file.storyboard; name = Base; path = Base.lproj/Main.storyboard; sourceTree = "<group>"; };
		24CC07621FF81D5000948AFC /* Assets.xcassets */ = {isa = PBXFileReference; lastKnownFileType = folder.assetcatalog; path = Assets.xcassets; sourceTree = "<group>"; };
		24CC07651FF81D5000948AFC /* Base */ = {isa = PBXFileReference; lastKnownFileType = file.storyboard; name = Base; path = Base.lproj/LaunchScreen.storyboard; sourceTree = "<group>"; };
		24CC07671FF81D5000948AFC /* Info.plist */ = {isa = PBXFileReference; lastKnownFileType = text.plist.xml; path = Info.plist; sourceTree = "<group>"; };
		24CC076E1FF82D4D00948AFC /* SetCard.swift */ = {isa = PBXFileReference; lastKnownFileType = sourcecode.swift; path = SetCard.swift; sourceTree = "<group>"; };
		24CC07701FF8306E00948AFC /* SetDeck.swift */ = {isa = PBXFileReference; lastKnownFileType = sourcecode.swift; path = SetDeck.swift; sourceTree = "<group>"; };
/* End PBXFileReference section */

/* Begin PBXFrameworksBuildPhase section */
		24CC07551FF81D4F00948AFC /* Frameworks */ = {
			isa = PBXFrameworksBuildPhase;
			buildActionMask = 2147483647;
			files = (
			);
			runOnlyForDeploymentPostprocessing = 0;
		};
/* End PBXFrameworksBuildPhase section */

/* Begin PBXGroup section */
		24CC074F1FF81D4F00948AFC = {
			isa = PBXGroup;
			children = (
				24CC075A1FF81D4F00948AFC /* Set */,
				24CC07591FF81D4F00948AFC /* Products */,
			);
			sourceTree = "<group>";
		};
		24CC07591FF81D4F00948AFC /* Products */ = {
			isa = PBXGroup;
			children = (
				24CC07581FF81D4F00948AFC /* Set.app */,
			);
			name = Products;
			sourceTree = "<group>";
		};
		24CC075A1FF81D4F00948AFC /* Set */ = {
			isa = PBXGroup;
			children = (
				24CC076D1FF81D7200948AFC /* Supporting Files */,
				24CC075D1FF81D5000948AFC /* ViewController.swift */,
				24CC075F1FF81D5000948AFC /* Main.storyboard */,
				24CC076E1FF82D4D00948AFC /* SetCard.swift */,
				24CC07671FF81D5000948AFC /* Info.plist */,
				24CC07701FF8306E00948AFC /* SetDeck.swift */,
			);
			path = Set;
			sourceTree = "<group>";
		};
		24CC076D1FF81D7200948AFC /* Supporting Files */ = {
			isa = PBXGroup;
			children = (
				24CC075B1FF81D4F00948AFC /* AppDelegate.swift */,
				24CC07621FF81D5000948AFC /* Assets.xcassets */,
				24CC07641FF81D5000948AFC /* LaunchScreen.storyboard */,
			);
			path = "Supporting Files";
			sourceTree = "<group>";
		};
/* End PBXGroup section */

/* Begin PBXNativeTarget section */
		24CC07571FF81D4F00948AFC /* Set */ = {
			isa = PBXNativeTarget;
			buildConfigurationList = 24CC076A1FF81D5000948AFC /* Build configuration list for PBXNativeTarget "Set" */;
			buildPhases = (
				24CC07541FF81D4F00948AFC /* Sources */,
				24CC07551FF81D4F00948AFC /* Frameworks */,
				24CC07561FF81D4F00948AFC /* Resources */,
			);
			buildRules = (
			);
			dependencies = (
			);
			name = Set;
			productName = Set;
			productReference = 24CC07581FF81D4F00948AFC /* Set.app */;
			productType = "com.apple.product-type.application";
		};
/* End PBXNativeTarget section */

/* Begin PBXProject section */
		24CC07501FF81D4F00948AFC /* Project object */ = {
			isa = PBXProject;
			attributes = {
				LastSwiftUpdateCheck = 0920;
				LastUpgradeCheck = 0920;
				ORGANIZATIONNAME = "Kyle Cross";
				TargetAttributes = {
					24CC07571FF81D4F00948AFC = {
						CreatedOnToolsVersion = 9.2;
						ProvisioningStyle = Automatic;
					};
				};
			};
			buildConfigurationList = 24CC07531FF81D4F00948AFC /* Build configuration list for PBXProject "Set" */;
			compatibilityVersion = "Xcode 8.0";
			developmentRegion = en;
			hasScannedForEncodings = 0;
			knownRegions = (
				en,
				Base,
			);
			mainGroup = 24CC074F1FF81D4F00948AFC;
			productRefGroup = 24CC07591FF81D4F00948AFC /* Products */;
			projectDirPath = "";
			projectRoot = "";
			targets = (
				24CC07571FF81D4F00948AFC /* Set */,
			);
		};
/* End PBXProject section */

/* Begin PBXResourcesBuildPhase section */
		24CC07561FF81D4F00948AFC /* Resources */ = {
			isa = PBXResourcesBuildPhase;
			buildActionMask = 2147483647;
			files = (
				24CC07661FF81D5000948AFC /* LaunchScreen.storyboard in Resources */,
				24CC07631FF81D5000948AFC /* Assets.xcassets in Resources */,
				24CC07611FF81D5000948AFC /* Main.storyboard in Resources */,
			);
			runOnlyForDeploymentPostprocessing = 0;
		};
/* End PBXResourcesBuildPhase section */

/* Begin PBXSourcesBuildPhase section */
		24CC07541FF81D4F00948AFC /* Sources */ = {
			isa = PBXSourcesBuildPhase;
			buildActionMask = 2147483647;
			files = (
				24CC076F1FF82D4D00948AFC /* SetCard.swift in Sources */,
				24CC075E1FF81D5000948AFC /* ViewController.swift in Sources */,
				24CC075C1FF81D4F00948AFC /* AppDelegate.swift in Sources */,
				24CC07711FF8306E00948AFC /* SetDeck.swift in Sources */,
			);
			runOnlyForDeploymentPostprocessing = 0;
		};
/* End PBXSourcesBuildPhase section */

/* Begin PBXVariantGroup section */
		24CC075F1FF81D5000948AFC /* Main.storyboard */ = {
			isa = PBXVariantGroup;
			children = (
				24CC07601FF81D5000948AFC /* Base */,
			);
			name = Main.storyboard;
			sourceTree = "<group>";
		};
		24CC07641FF81D5000948AFC /* LaunchScreen.storyboard */ = {
			isa = PBXVariantGroup;
			children = (
				24CC07651FF81D5000948AFC /* Base */,
			);
			name = LaunchScreen.storyboard;
			sourceTree = "<group>";
		};
/* End PBXVariantGroup section */

/* Begin XCBuildConfiguration section */
		24CC07681FF81D5000948AFC /* Debug */ = {
			isa = XCBuildConfiguration;
			buildSettings = {
				ALWAYS_SEARCH_USER_PATHS = NO;
				CLANG_ANALYZER_NONNULL = YES;
				CLANG_ANALYZER_NUMBER_OBJECT_CONVERSION = YES_AGGRESSIVE;
				CLANG_CXX_LANGUAGE_STANDARD = "gnu++14";
				CLANG_CXX_LIBRARY = "libc++";
				CLANG_ENABLE_MODULES = YES;
				CLANG_ENABLE_OBJC_ARC = YES;
				CLANG_WARN_BLOCK_CAPTURE_AUTORELEASING = YES;
				CLANG_WARN_BOOL_CONVERSION = YES;
				CLANG_WARN_COMMA = YES;
				CLANG_WARN_CONSTANT_CONVERSION = YES;
				CLANG_WARN_DIRECT_OBJC_ISA_USAGE = YES_ERROR;
				CLANG_WARN_DOCUMENTATION_COMMENTS = YES;
				CLANG_WARN_EMPTY_BODY = YES;
				CLANG_WARN_ENUM_CONVERSION = YES;
				CLANG_WARN_INFINITE_RECURSION = YES;
				CLANG_WARN_INT_CONVERSION = YES;
				CLANG_WARN_NON_LITERAL_NULL_CONVERSION = YES;
				CLANG_WARN_OBJC_LITERAL_CONVERSION = YES;
				CLANG_WARN_OBJC_ROOT_CLASS = YES_ERROR;
				CLANG_WARN_RANGE_LOOP_ANALYSIS = YES;
				CLANG_WARN_STRICT_PROTOTYPES = YES;
				CLANG_WARN_SUSPICIOUS_MOVE = YES;
				CLANG_WARN_UNGUARDED_AVAILABILITY = YES_AGGRESSIVE;
				CLANG_WARN_UNREACHABLE_CODE = YES;
				CLANG_WARN__DUPLICATE_METHOD_MATCH = YES;
				CODE_SIGN_IDENTITY = "iPhone Developer";
				COPY_PHASE_STRIP = NO;
				DEBUG_INFORMATION_FORMAT = dwarf;
				ENABLE_STRICT_OBJC_MSGSEND = YES;
				ENABLE_TESTABILITY = YES;
				GCC_C_LANGUAGE_STANDARD = gnu11;
				GCC_DYNAMIC_NO_PIC = NO;
				GCC_NO_COMMON_BLOCKS = YES;
				GCC_OPTIMIZATION_LEVEL = 0;
				GCC_PREPROCESSOR_DEFINITIONS = (
					"DEBUG=1",
					"$(inherited)",
				);
				GCC_WARN_64_TO_32_BIT_CONVERSION = YES;
				GCC_WARN_ABOUT_RETURN_TYPE = YES_ERROR;
				GCC_WARN_UNDECLARED_SELECTOR = YES;
				GCC_WARN_UNINITIALIZED_AUTOS = YES_AGGRESSIVE;
				GCC_WARN_UNUSED_FUNCTION = YES;
				GCC_WARN_UNUSED_VARIABLE = YES;
				IPHONEOS_DEPLOYMENT_TARGET = 11.2;
				MTL_ENABLE_DEBUG_INFO = YES;
				ONLY_ACTIVE_ARCH = YES;
				SDKROOT = iphoneos;
				SWIFT_ACTIVE_COMPILATION_CONDITIONS = DEBUG;
				SWIFT_OPTIMIZATION_LEVEL = "-Onone";
			};
			name = Debug;
		};
		24CC07691FF81D5000948AFC /* Release */ = {
			isa = XCBuildConfiguration;
			buildSettings = {
				ALWAYS_SEARCH_USER_PATHS = NO;
				CLANG_ANALYZER_NONNULL = YES;
				CLANG_ANALYZER_NUMBER_OBJECT_CONVERSION = YES_AGGRESSIVE;
				CLANG_CXX_LANGUAGE_STANDARD = "gnu++14";
				CLANG_CXX_LIBRARY = "libc++";
				CLANG_ENABLE_MODULES = YES;
				CLANG_ENABLE_OBJC_ARC = YES;
				CLANG_WARN_BLOCK_CAPTURE_AUTORELEASING = YES;
				CLANG_WARN_BOOL_CONVERSION = YES;
				CLANG_WARN_COMMA = YES;
				CLANG_WARN_CONSTANT_CONVERSION = YES;
				CLANG_WARN_DIRECT_OBJC_ISA_USAGE = YES_ERROR;
				CLANG_WARN_DOCUMENTATION_COMMENTS = YES;
				CLANG_WARN_EMPTY_BODY = YES;
				CLANG_WARN_ENUM_CONVERSION = YES;
				CLANG_WARN_INFINITE_RECURSION = YES;
				CLANG_WARN_INT_CONVERSION = YES;
				CLANG_WARN_NON_LITERAL_NULL_CONVERSION = YES;
				CLANG_WARN_OBJC_LITERAL_CONVERSION = YES;
				CLANG_WARN_OBJC_ROOT_CLASS = YES_ERROR;
				CLANG_WARN_RANGE_LOOP_ANALYSIS = YES;
				CLANG_WARN_STRICT_PROTOTYPES = YES;
				CLANG_WARN_SUSPICIOUS_MOVE = YES;
				CLANG_WARN_UNGUARDED_AVAILABILITY = YES_AGGRESSIVE;
				CLANG_WARN_UNREACHABLE_CODE = YES;
				CLANG_WARN__DUPLICATE_METHOD_MATCH = YES;
				CODE_SIGN_IDENTITY = "iPhone Developer";
				COPY_PHASE_STRIP = NO;
				DEBUG_INFORMATION_FORMAT = "dwarf-with-dsym";
				ENABLE_NS_ASSERTIONS = NO;
				ENABLE_STRICT_OBJC_MSGSEND = YES;
				GCC_C_LANGUAGE_STANDARD = gnu11;
				GCC_NO_COMMON_BLOCKS = YES;
				GCC_WARN_64_TO_32_BIT_CONVERSION = YES;
				GCC_WARN_ABOUT_RETURN_TYPE = YES_ERROR;
				GCC_WARN_UNDECLARED_SELECTOR = YES;
				GCC_WARN_UNINITIALIZED_AUTOS = YES_AGGRESSIVE;
				GCC_WARN_UNUSED_FUNCTION = YES;
				GCC_WARN_UNUSED_VARIABLE = YES;
				IPHONEOS_DEPLOYMENT_TARGET = 11.2;
				MTL_ENABLE_DEBUG_INFO = NO;
				SDKROOT = iphoneos;
				SWIFT_OPTIMIZATION_LEVEL = "-Owholemodule";
				VALIDATE_PRODUCT = YES;
			};
			name = Release;
		};
		24CC076B1FF81D5000948AFC /* Debug */ = {
			isa = XCBuildConfiguration;
			buildSettings = {
				ASSETCATALOG_COMPILER_APPICON_NAME = AppIcon;
				CODE_SIGN_STYLE = Automatic;
				DEVELOPMENT_TEAM = LEWCH996DR;
				INFOPLIST_FILE = Set/Info.plist;
				LD_RUNPATH_SEARCH_PATHS = "$(inherited) @executable_path/Frameworks";
				PRODUCT_BUNDLE_IDENTIFIER = com.KyleCross.Set;
				PRODUCT_NAME = "$(TARGET_NAME)";
				SWIFT_VERSION = 4.0;
				TARGETED_DEVICE_FAMILY = "1,2";
			};
			name = Debug;
		};
		24CC076C1FF81D5000948AFC /* Release */ = {
			isa = XCBuildConfiguration;
			buildSettings = {
				ASSETCATALOG_COMPILER_APPICON_NAME = AppIcon;
				CODE_SIGN_STYLE = Automatic;
				DEVELOPMENT_TEAM = LEWCH996DR;
				INFOPLIST_FILE = Set/Info.plist;
				LD_RUNPATH_SEARCH_PATHS = "$(inherited) @executable_path/Frameworks";
				PRODUCT_BUNDLE_IDENTIFIER = com.KyleCross.Set;
				PRODUCT_NAME = "$(TARGET_NAME)";
				SWIFT_VERSION = 4.0;
				TARGETED_DEVICE_FAMILY = "1,2";
			};
			name = Release;
		};
/* End XCBuildConfiguration section */

/* Begin XCConfigurationList section */
		24CC07531FF81D4F00948AFC /* Build configuration list for PBXProject "Set" */ = {
			isa = XCConfigurationList;
			buildConfigurations = (
				24CC07681FF81D5000948AFC /* Debug */,
				24CC07691FF81D5000948AFC /* Release */,
			);
			defaultConfigurationIsVisible = 0;
			defaultConfigurationName = Release;
		};
		24CC076A1FF81D5000948AFC /* Build configuration list for PBXNativeTarget "Set" */ = {
			isa = XCConfigurationList;
			buildConfigurations = (
				24CC076B1FF81D5000948AFC /* Debug */,
				24CC076C1FF81D5000948AFC /* Release */,
			);
			defaultConfigurationIsVisible = 0;
			defaultConfigurationName = Release;
		};
/* End XCConfigurationList section */
	};
	rootObject = 24CC07501FF81D4F00948AFC /* Project object */;
}
